// !$*UTF8*$!
{
	archiveVersion = 1;
	classes = {
	};
	objectVersion = 55;
	objects = {

/* Begin PBXBuildFile section */
		5D5095A3272595F8009AB49B /* AppDelegate.swift in Sources */ = {isa = PBXBuildFile; fileRef = 5D5095A2272595F8009AB49B /* AppDelegate.swift */; };
		5D5095A5272595F8009AB49B /* SceneDelegate.swift in Sources */ = {isa = PBXBuildFile; fileRef = 5D5095A4272595F8009AB49B /* SceneDelegate.swift */; };
		5D5095A7272595F8009AB49B /* ViewController.swift in Sources */ = {isa = PBXBuildFile; fileRef = 5D5095A6272595F8009AB49B /* ViewController.swift */; };
		5D5095AA272595F8009AB49B /* Main.storyboard in Resources */ = {isa = PBXBuildFile; fileRef = 5D5095A8272595F8009AB49B /* Main.storyboard */; };
		5D5095AC272595F9009AB49B /* Assets.xcassets in Resources */ = {isa = PBXBuildFile; fileRef = 5D5095AB272595F9009AB49B /* Assets.xcassets */; };
		5D5095AF272595F9009AB49B /* LaunchScreen.storyboard in Resources */ = {isa = PBXBuildFile; fileRef = 5D5095AD272595F9009AB49B /* LaunchScreen.storyboard */; };
		5D5095BA272595F9009AB49B /* VennDiagramTests.swift in Sources */ = {isa = PBXBuildFile; fileRef = 5D5095B9272595F9009AB49B /* VennDiagramTests.swift */; };
		5D5095C4272595F9009AB49B /* VennDiagramUITests.swift in Sources */ = {isa = PBXBuildFile; fileRef = 5D5095C3272595F9009AB49B /* VennDiagramUITests.swift */; };
		5D5095C6272595F9009AB49B /* VennDiagramUITestsLaunchTests.swift in Sources */ = {isa = PBXBuildFile; fileRef = 5D5095C5272595F9009AB49B /* VennDiagramUITestsLaunchTests.swift */; };
		5DD3AC0427259CFE0089434E /* VennDiagram.swift in Sources */ = {isa = PBXBuildFile; fileRef = 5DD3AC0227259CFE0089434E /* VennDiagram.swift */; };
		5DD3AC0527259CFE0089434E /* CircleView.swift in Sources */ = {isa = PBXBuildFile; fileRef = 5DD3AC0327259CFE0089434E /* CircleView.swift */; };
/* End PBXBuildFile section */

/* Begin PBXContainerItemProxy section */
		5D5095B6272595F9009AB49B /* PBXContainerItemProxy */ = {
			isa = PBXContainerItemProxy;
			containerPortal = 5D509597272595F8009AB49B /* Project object */;
			proxyType = 1;
			remoteGlobalIDString = 5D50959E272595F8009AB49B;
			remoteInfo = VennDiagram;
		};
		5D5095C0272595F9009AB49B /* PBXContainerItemProxy */ = {
			isa = PBXContainerItemProxy;
			containerPortal = 5D509597272595F8009AB49B /* Project object */;
			proxyType = 1;
			remoteGlobalIDString = 5D50959E272595F8009AB49B;
			remoteInfo = VennDiagram;
		};
/* End PBXContainerItemProxy section */

/* Begin PBXFileReference section */
		5D50959F272595F8009AB49B /* VennDiagram.app */ = {isa = PBXFileReference; explicitFileType = wrapper.application; includeInIndex = 0; path = VennDiagram.app; sourceTree = BUILT_PRODUCTS_DIR; };
		5D5095A2272595F8009AB49B /* AppDelegate.swift */ = {isa = PBXFileReference; lastKnownFileType = sourcecode.swift; path = AppDelegate.swift; sourceTree = "<group>"; };
		5D5095A4272595F8009AB49B /* SceneDelegate.swift */ = {isa = PBXFileReference; lastKnownFileType = sourcecode.swift; path = SceneDelegate.swift; sourceTree = "<group>"; };
		5D5095A6272595F8009AB49B /* ViewController.swift */ = {isa = PBXFileReference; lastKnownFileType = sourcecode.swift; path = ViewController.swift; sourceTree = "<group>"; };
		5D5095A9272595F8009AB49B /* Base */ = {isa = PBXFileReference; lastKnownFileType = file.storyboard; name = Base; path = Base.lproj/Main.storyboard; sourceTree = "<group>"; };
		5D5095AB272595F9009AB49B /* Assets.xcassets */ = {isa = PBXFileReference; lastKnownFileType = folder.assetcatalog; path = Assets.xcassets; sourceTree = "<group>"; };
		5D5095AE272595F9009AB49B /* Base */ = {isa = PBXFileReference; lastKnownFileType = file.storyboard; name = Base; path = Base.lproj/LaunchScreen.storyboard; sourceTree = "<group>"; };
		5D5095B0272595F9009AB49B /* Info.plist */ = {isa = PBXFileReference; lastKnownFileType = text.plist.xml; path = Info.plist; sourceTree = "<group>"; };
		5D5095B5272595F9009AB49B /* VennDiagramTests.xctest */ = {isa = PBXFileReference; explicitFileType = wrapper.cfbundle; includeInIndex = 0; path = VennDiagramTests.xctest; sourceTree = BUILT_PRODUCTS_DIR; };
		5D5095B9272595F9009AB49B /* VennDiagramTests.swift */ = {isa = PBXFileReference; lastKnownFileType = sourcecode.swift; path = VennDiagramTests.swift; sourceTree = "<group>"; };
		5D5095BF272595F9009AB49B /* VennDiagramUITests.xctest */ = {isa = PBXFileReference; explicitFileType = wrapper.cfbundle; includeInIndex = 0; path = VennDiagramUITests.xctest; sourceTree = BUILT_PRODUCTS_DIR; };
		5D5095C3272595F9009AB49B /* VennDiagramUITests.swift */ = {isa = PBXFileReference; lastKnownFileType = sourcecode.swift; path = VennDiagramUITests.swift; sourceTree = "<group>"; };
		5D5095C5272595F9009AB49B /* VennDiagramUITestsLaunchTests.swift */ = {isa = PBXFileReference; lastKnownFileType = sourcecode.swift; path = VennDiagramUITestsLaunchTests.swift; sourceTree = "<group>"; };
		5DD3AC0227259CFE0089434E /* VennDiagram.swift */ = {isa = PBXFileReference; fileEncoding = 4; lastKnownFileType = sourcecode.swift; path = VennDiagram.swift; sourceTree = "<group>"; };
		5DD3AC0327259CFE0089434E /* CircleView.swift */ = {isa = PBXFileReference; fileEncoding = 4; lastKnownFileType = sourcecode.swift; path = CircleView.swift; sourceTree = "<group>"; };
/* End PBXFileReference section */

/* Begin PBXFrameworksBuildPhase section */
		5D50959C272595F8009AB49B /* Frameworks */ = {
			isa = PBXFrameworksBuildPhase;
			buildActionMask = 2147483647;
			files = (
			);
			runOnlyForDeploymentPostprocessing = 0;
		};
		5D5095B2272595F9009AB49B /* Frameworks */ = {
			isa = PBXFrameworksBuildPhase;
			buildActionMask = 2147483647;
			files = (
			);
			runOnlyForDeploymentPostprocessing = 0;
		};
		5D5095BC272595F9009AB49B /* Frameworks */ = {
			isa = PBXFrameworksBuildPhase;
			buildActionMask = 2147483647;
			files = (
			);
			runOnlyForDeploymentPostprocessing = 0;
		};
/* End PBXFrameworksBuildPhase section */

/* Begin PBXGroup section */
		5D509596272595F8009AB49B = {
			isa = PBXGroup;
			children = (
				5D5095A1272595F8009AB49B /* VennDiagram */,
				5D5095B8272595F9009AB49B /* VennDiagramTests */,
				5D5095C2272595F9009AB49B /* VennDiagramUITests */,
				5D5095A0272595F8009AB49B /* Products */,
			);
			sourceTree = "<group>";
		};
		5D5095A0272595F8009AB49B /* Products */ = {
			isa = PBXGroup;
			children = (
				5D50959F272595F8009AB49B /* VennDiagram.app */,
				5D5095B5272595F9009AB49B /* VennDiagramTests.xctest */,
				5D5095BF272595F9009AB49B /* VennDiagramUITests.xctest */,
			);
			name = Products;
			sourceTree = "<group>";
		};
		5D5095A1272595F8009AB49B /* VennDiagram */ = {
			isa = PBXGroup;
			children = (
				5D5095A2272595F8009AB49B /* AppDelegate.swift */,
				5D5095A4272595F8009AB49B /* SceneDelegate.swift */,
				5D5095A6272595F8009AB49B /* ViewController.swift */,
				5DD3AC0327259CFE0089434E /* CircleView.swift */,
				5DD3AC0227259CFE0089434E /* VennDiagram.swift */,
				5D5095A8272595F8009AB49B /* Main.storyboard */,
				5D5095AB272595F9009AB49B /* Assets.xcassets */,
				5D5095AD272595F9009AB49B /* LaunchScreen.storyboard */,
				5D5095B0272595F9009AB49B /* Info.plist */,
			);
			path = VennDiagram;
			sourceTree = "<group>";
		};
		5D5095B8272595F9009AB49B /* VennDiagramTests */ = {
			isa = PBXGroup;
			children = (
				5D5095B9272595F9009AB49B /* VennDiagramTests.swift */,
			);
			path = VennDiagramTests;
			sourceTree = "<group>";
		};
		5D5095C2272595F9009AB49B /* VennDiagramUITests */ = {
			isa = PBXGroup;
			children = (
				5D5095C3272595F9009AB49B /* VennDiagramUITests.swift */,
				5D5095C5272595F9009AB49B /* VennDiagramUITestsLaunchTests.swift */,
			);
			path = VennDiagramUITests;
			sourceTree = "<group>";
		};
/* End PBXGroup section */

/* Begin PBXNativeTarget section */
		5D50959E272595F8009AB49B /* VennDiagram */ = {
			isa = PBXNativeTarget;
			buildConfigurationList = 5D5095C9272595F9009AB49B /* Build configuration list for PBXNativeTarget "VennDiagram" */;
			buildPhases = (
				5D50959B272595F8009AB49B /* Sources */,
				5D50959C272595F8009AB49B /* Frameworks */,
				5D50959D272595F8009AB49B /* Resources */,
			);
			buildRules = (
			);
			dependencies = (
			);
			name = VennDiagram;
			productName = VennDiagram;
			productReference = 5D50959F272595F8009AB49B /* VennDiagram.app */;
			productType = "com.apple.product-type.application";
		};
		5D5095B4272595F9009AB49B /* VennDiagramTests */ = {
			isa = PBXNativeTarget;
			buildConfigurationList = 5D5095CC272595F9009AB49B /* Build configuration list for PBXNativeTarget "VennDiagramTests" */;
			buildPhases = (
				5D5095B1272595F9009AB49B /* Sources */,
				5D5095B2272595F9009AB49B /* Frameworks */,
				5D5095B3272595F9009AB49B /* Resources */,
			);
			buildRules = (
			);
			dependencies = (
				5D5095B7272595F9009AB49B /* PBXTargetDependency */,
			);
			name = VennDiagramTests;
			productName = VennDiagramTests;
			productReference = 5D5095B5272595F9009AB49B /* VennDiagramTests.xctest */;
			productType = "com.apple.product-type.bundle.unit-test";
		};
		5D5095BE272595F9009AB49B /* VennDiagramUITests */ = {
			isa = PBXNativeTarget;
			buildConfigurationList = 5D5095CF272595F9009AB49B /* Build configuration list for PBXNativeTarget "VennDiagramUITests" */;
			buildPhases = (
				5D5095BB272595F9009AB49B /* Sources */,
				5D5095BC272595F9009AB49B /* Frameworks */,
				5D5095BD272595F9009AB49B /* Resources */,
			);
			buildRules = (
			);
			dependencies = (
				5D5095C1272595F9009AB49B /* PBXTargetDependency */,
			);
			name = VennDiagramUITests;
			productName = VennDiagramUITests;
			productReference = 5D5095BF272595F9009AB49B /* VennDiagramUITests.xctest */;
			productType = "com.apple.product-type.bundle.ui-testing";
		};
/* End PBXNativeTarget section */

/* Begin PBXProject section */
		5D509597272595F8009AB49B /* Project object */ = {
			isa = PBXProject;
			attributes = {
				BuildIndependentTargetsInParallel = 1;
				LastSwiftUpdateCheck = 1300;
				LastUpgradeCheck = 1300;
				TargetAttributes = {
					5D50959E272595F8009AB49B = {
						CreatedOnToolsVersion = 13.0;
					};
					5D5095B4272595F9009AB49B = {
						CreatedOnToolsVersion = 13.0;
						TestTargetID = 5D50959E272595F8009AB49B;
					};
					5D5095BE272595F9009AB49B = {
						CreatedOnToolsVersion = 13.0;
						TestTargetID = 5D50959E272595F8009AB49B;
					};
				};
			};
			buildConfigurationList = 5D50959A272595F8009AB49B /* Build configuration list for PBXProject "VennDiagram" */;
			compatibilityVersion = "Xcode 13.0";
			developmentRegion = en;
			hasScannedForEncodings = 0;
			knownRegions = (
				en,
				Base,
			);
			mainGroup = 5D509596272595F8009AB49B;
			productRefGroup = 5D5095A0272595F8009AB49B /* Products */;
			projectDirPath = "";
			projectRoot = "";
			targets = (
				5D50959E272595F8009AB49B /* VennDiagram */,
				5D5095B4272595F9009AB49B /* VennDiagramTests */,
				5D5095BE272595F9009AB49B /* VennDiagramUITests */,
			);
		};
/* End PBXProject section */

/* Begin PBXResourcesBuildPhase section */
		5D50959D272595F8009AB49B /* Resources */ = {
			isa = PBXResourcesBuildPhase;
			buildActionMask = 2147483647;
			files = (
				5D5095AF272595F9009AB49B /* LaunchScreen.storyboard in Resources */,
				5D5095AC272595F9009AB49B /* Assets.xcassets in Resources */,
				5D5095AA272595F8009AB49B /* Main.storyboard in Resources */,
			);
			runOnlyForDeploymentPostprocessing = 0;
		};
		5D5095B3272595F9009AB49B /* Resources */ = {
			isa = PBXResourcesBuildPhase;
			buildActionMask = 2147483647;
			files = (
			);
			runOnlyForDeploymentPostprocessing = 0;
		};
		5D5095BD272595F9009AB49B /* Resources */ = {
			isa = PBXResourcesBuildPhase;
			buildActionMask = 2147483647;
			files = (
			);
			runOnlyForDeploymentPostprocessing = 0;
		};
/* End PBXResourcesBuildPhase section */

/* Begin PBXSourcesBuildPhase section */
		5D50959B272595F8009AB49B /* Sources */ = {
			isa = PBXSourcesBuildPhase;
			buildActionMask = 2147483647;
			files = (
				5DD3AC0427259CFE0089434E /* VennDiagram.swift in Sources */,
				5DD3AC0527259CFE0089434E /* CircleView.swift in Sources */,
				5D5095A7272595F8009AB49B /* ViewController.swift in Sources */,
				5D5095A3272595F8009AB49B /* AppDelegate.swift in Sources */,
				5D5095A5272595F8009AB49B /* SceneDelegate.swift in Sources */,
			);
			runOnlyForDeploymentPostprocessing = 0;
		};
		5D5095B1272595F9009AB49B /* Sources */ = {
			isa = PBXSourcesBuildPhase;
			buildActionMask = 2147483647;
			files = (
				5D5095BA272595F9009AB49B /* VennDiagramTests.swift in Sources */,
			);
			runOnlyForDeploymentPostprocessing = 0;
		};
		5D5095BB272595F9009AB49B /* Sources */ = {
			isa = PBXSourcesBuildPhase;
			buildActionMask = 2147483647;
			files = (
				5D5095C4272595F9009AB49B /* VennDiagramUITests.swift in Sources */,
				5D5095C6272595F9009AB49B /* VennDiagramUITestsLaunchTests.swift in Sources */,
			);
			runOnlyForDeploymentPostprocessing = 0;
		};
/* End PBXSourcesBuildPhase section */

/* Begin PBXTargetDependency section */
		5D5095B7272595F9009AB49B /* PBXTargetDependency */ = {
			isa = PBXTargetDependency;
			target = 5D50959E272595F8009AB49B /* VennDiagram */;
			targetProxy = 5D5095B6272595F9009AB49B /* PBXContainerItemProxy */;
		};
		5D5095C1272595F9009AB49B /* PBXTargetDependency */ = {
			isa = PBXTargetDependency;
			target = 5D50959E272595F8009AB49B /* VennDiagram */;
			targetProxy = 5D5095C0272595F9009AB49B /* PBXContainerItemProxy */;
		};
/* End PBXTargetDependency section */

/* Begin PBXVariantGroup section */
		5D5095A8272595F8009AB49B /* Main.storyboard */ = {
			isa = PBXVariantGroup;
			children = (
				5D5095A9272595F8009AB49B /* Base */,
			);
			name = Main.storyboard;
			sourceTree = "<group>";
		};
		5D5095AD272595F9009AB49B /* LaunchScreen.storyboard */ = {
			isa = PBXVariantGroup;
			children = (
				5D5095AE272595F9009AB49B /* Base */,
			);
			name = LaunchScreen.storyboard;
			sourceTree = "<group>";
		};
/* End PBXVariantGroup section */

/* Begin XCBuildConfiguration section */
		5D5095C7272595F9009AB49B /* Debug */ = {
			isa = XCBuildConfiguration;
			buildSettings = {
				ALWAYS_SEARCH_USER_PATHS = NO;
				CLANG_ANALYZER_NONNULL = YES;
				CLANG_ANALYZER_NUMBER_OBJECT_CONVERSION = YES_AGGRESSIVE;
				CLANG_CXX_LANGUAGE_STANDARD = "gnu++17";
				CLANG_CXX_LIBRARY = "libc++";
				CLANG_ENABLE_MODULES = YES;
				CLANG_ENABLE_OBJC_ARC = YES;
				CLANG_ENABLE_OBJC_WEAK = YES;
				CLANG_WARN_BLOCK_CAPTURE_AUTORELEASING = YES;
				CLANG_WARN_BOOL_CONVERSION = YES;
				CLANG_WARN_COMMA = YES;
				CLANG_WARN_CONSTANT_CONVERSION = YES;
				CLANG_WARN_DEPRECATED_OBJC_IMPLEMENTATIONS = YES;
				CLANG_WARN_DIRECT_OBJC_ISA_USAGE = YES_ERROR;
				CLANG_WARN_DOCUMENTATION_COMMENTS = YES;
				CLANG_WARN_EMPTY_BODY = YES;
				CLANG_WARN_ENUM_CONVERSION = YES;
				CLANG_WARN_INFINITE_RECURSION = YES;
				CLANG_WARN_INT_CONVERSION = YES;
				CLANG_WARN_NON_LITERAL_NULL_CONVERSION = YES;
				CLANG_WARN_OBJC_IMPLICIT_RETAIN_SELF = YES;
				CLANG_WARN_OBJC_LITERAL_CONVERSION = YES;
				CLANG_WARN_OBJC_ROOT_CLASS = YES_ERROR;
				CLANG_WARN_QUOTED_INCLUDE_IN_FRAMEWORK_HEADER = YES;
				CLANG_WARN_RANGE_LOOP_ANALYSIS = YES;
				CLANG_WARN_STRICT_PROTOTYPES = YES;
				CLANG_WARN_SUSPICIOUS_MOVE = YES;
				CLANG_WARN_UNGUARDED_AVAILABILITY = YES_AGGRESSIVE;
				CLANG_WARN_UNREACHABLE_CODE = YES;
				CLANG_WARN__DUPLICATE_METHOD_MATCH = YES;
				COPY_PHASE_STRIP = NO;
				DEBUG_INFORMATION_FORMAT = dwarf;
				ENABLE_STRICT_OBJC_MSGSEND = YES;
				ENABLE_TESTABILITY = YES;
				GCC_C_LANGUAGE_STANDARD = gnu11;
				GCC_DYNAMIC_NO_PIC = NO;
				GCC_NO_COMMON_BLOCKS = YES;
				GCC_OPTIMIZATION_LEVEL = 0;
				GCC_PREPROCESSOR_DEFINITIONS = (
					"DEBUG=1",
					"$(inherited)",
				);
				GCC_WARN_64_TO_32_BIT_CONVERSION = YES;
				GCC_WARN_ABOUT_RETURN_TYPE = YES_ERROR;
				GCC_WARN_UNDECLARED_SELECTOR = YES;
				GCC_WARN_UNINITIALIZED_AUTOS = YES_AGGRESSIVE;
				GCC_WARN_UNUSED_FUNCTION = YES;
				GCC_WARN_UNUSED_VARIABLE = YES;
				IPHONEOS_DEPLOYMENT_TARGET = 15.0;
				MTL_ENABLE_DEBUG_INFO = INCLUDE_SOURCE;
				MTL_FAST_MATH = YES;
				ONLY_ACTIVE_ARCH = YES;
				SDKROOT = iphoneos;
				SWIFT_ACTIVE_COMPILATION_CONDITIONS = DEBUG;
				SWIFT_OPTIMIZATION_LEVEL = "-Onone";
			};
			name = Debug;
		};
		5D5095C8272595F9009AB49B /* Release */ = {
			isa = XCBuildConfiguration;
			buildSettings = {
				ALWAYS_SEARCH_USER_PATHS = NO;
				CLANG_ANALYZER_NONNULL = YES;
				CLANG_ANALYZER_NUMBER_OBJECT_CONVERSION = YES_AGGRESSIVE;
				CLANG_CXX_LANGUAGE_STANDARD = "gnu++17";
				CLANG_CXX_LIBRARY = "libc++";
				CLANG_ENABLE_MODULES = YES;
				CLANG_ENABLE_OBJC_ARC = YES;
				CLANG_ENABLE_OBJC_WEAK = YES;
				CLANG_WARN_BLOCK_CAPTURE_AUTORELEASING = YES;
				CLANG_WARN_BOOL_CONVERSION = YES;
				CLANG_WARN_COMMA = YES;
				CLANG_WARN_CONSTANT_CONVERSION = YES;
				CLANG_WARN_DEPRECATED_OBJC_IMPLEMENTATIONS = YES;
				CLANG_WARN_DIRECT_OBJC_ISA_USAGE = YES_ERROR;
				CLANG_WARN_DOCUMENTATION_COMMENTS = YES;
				CLANG_WARN_EMPTY_BODY = YES;
				CLANG_WARN_ENUM_CONVERSION = YES;
				CLANG_WARN_INFINITE_RECURSION = YES;
				CLANG_WARN_INT_CONVERSION = YES;
				CLANG_WARN_NON_LITERAL_NULL_CONVERSION = YES;
				CLANG_WARN_OBJC_IMPLICIT_RETAIN_SELF = YES;
				CLANG_WARN_OBJC_LITERAL_CONVERSION = YES;
				CLANG_WARN_OBJC_ROOT_CLASS = YES_ERROR;
				CLANG_WARN_QUOTED_INCLUDE_IN_FRAMEWORK_HEADER = YES;
				CLANG_WARN_RANGE_LOOP_ANALYSIS = YES;
				CLANG_WARN_STRICT_PROTOTYPES = YES;
				CLANG_WARN_SUSPICIOUS_MOVE = YES;
				CLANG_WARN_UNGUARDED_AVAILABILITY = YES_AGGRESSIVE;
				CLANG_WARN_UNREACHABLE_CODE = YES;
				CLANG_WARN__DUPLICATE_METHOD_MATCH = YES;
				COPY_PHASE_STRIP = NO;
				DEBUG_INFORMATION_FORMAT = "dwarf-with-dsym";
				ENABLE_NS_ASSERTIONS = NO;
				ENABLE_STRICT_OBJC_MSGSEND = YES;
				GCC_C_LANGUAGE_STANDARD = gnu11;
				GCC_NO_COMMON_BLOCKS = YES;
				GCC_WARN_64_TO_32_BIT_CONVERSION = YES;
				GCC_WARN_ABOUT_RETURN_TYPE = YES_ERROR;
				GCC_WARN_UNDECLARED_SELECTOR = YES;
				GCC_WARN_UNINITIALIZED_AUTOS = YES_AGGRESSIVE;
				GCC_WARN_UNUSED_FUNCTION = YES;
				GCC_WARN_UNUSED_VARIABLE = YES;
				IPHONEOS_DEPLOYMENT_TARGET = 15.0;
				MTL_ENABLE_DEBUG_INFO = NO;
				MTL_FAST_MATH = YES;
				SDKROOT = iphoneos;
				SWIFT_COMPILATION_MODE = wholemodule;
				SWIFT_OPTIMIZATION_LEVEL = "-O";
				VALIDATE_PRODUCT = YES;
			};
			name = Release;
		};
		5D5095CA272595F9009AB49B /* Debug */ = {
			isa = XCBuildConfiguration;
			buildSettings = {
				ASSETCATALOG_COMPILER_APPICON_NAME = AppIcon;
				ASSETCATALOG_COMPILER_GLOBAL_ACCENT_COLOR_NAME = AccentColor;
				CODE_SIGN_STYLE = Automatic;
				CURRENT_PROJECT_VERSION = 1;
				DEVELOPMENT_TEAM = GK53D49XRZ;
				GENERATE_INFOPLIST_FILE = YES;
				INFOPLIST_FILE = VennDiagram/Info.plist;
				INFOPLIST_KEY_UIApplicationSupportsIndirectInputEvents = YES;
				INFOPLIST_KEY_UILaunchStoryboardName = LaunchScreen;
				INFOPLIST_KEY_UIMainStoryboardFile = Main;
				INFOPLIST_KEY_UISupportedInterfaceOrientations_iPad = "UIInterfaceOrientationPortrait UIInterfaceOrientationPortraitUpsideDown UIInterfaceOrientationLandscapeLeft UIInterfaceOrientationLandscapeRight";
				INFOPLIST_KEY_UISupportedInterfaceOrientations_iPhone = "UIInterfaceOrientationPortrait UIInterfaceOrientationLandscapeLeft UIInterfaceOrientationLandscapeRight";
				LD_RUNPATH_SEARCH_PATHS = (
					"$(inherited)",
					"@executable_path/Frameworks",
				);
				MARKETING_VERSION = 1.0;
				PRODUCT_BUNDLE_IDENTIFIER = com.ivai.VennDiagram;
				PRODUCT_NAME = "$(TARGET_NAME)";
				SWIFT_EMIT_LOC_STRINGS = YES;
				SWIFT_VERSION = 5.0;
				TARGETED_DEVICE_FAMILY = "1,2";
			};
			name = Debug;
		};
		5D5095CB272595F9009AB49B /* Release */ = {
			isa = XCBuildConfiguration;
			buildSettings = {
				ASSETCATALOG_COMPILER_APPICON_NAME = AppIcon;
				ASSETCATALOG_COMPILER_GLOBAL_ACCENT_COLOR_NAME = AccentColor;
				CODE_SIGN_STYLE = Automatic;
				CURRENT_PROJECT_VERSION = 1;
				DEVELOPMENT_TEAM = GK53D49XRZ;
				GENERATE_INFOPLIST_FILE = YES;
				INFOPLIST_FILE = VennDiagram/Info.plist;
				INFOPLIST_KEY_UIApplicationSupportsIndirectInputEvents = YES;
				INFOPLIST_KEY_UILaunchStoryboardName = LaunchScreen;
				INFOPLIST_KEY_UIMainStoryboardFile = Main;
				INFOPLIST_KEY_UISupportedInterfaceOrientations_iPad = "UIInterfaceOrientationPortrait UIInterfaceOrientationPortraitUpsideDown UIInterfaceOrientationLandscapeLeft UIInterfaceOrientationLandscapeRight";
				INFOPLIST_KEY_UISupportedInterfaceOrientations_iPhone = "UIInterfaceOrientationPortrait UIInterfaceOrientationLandscapeLeft UIInterfaceOrientationLandscapeRight";
				LD_RUNPATH_SEARCH_PATHS = (
					"$(inherited)",
					"@executable_path/Frameworks",
				);
				MARKETING_VERSION = 1.0;
				PRODUCT_BUNDLE_IDENTIFIER = com.ivai.VennDiagram;
				PRODUCT_NAME = "$(TARGET_NAME)";
				SWIFT_EMIT_LOC_STRINGS = YES;
				SWIFT_VERSION = 5.0;
				TARGETED_DEVICE_FAMILY = "1,2";
			};
			name = Release;
		};
		5D5095CD272595F9009AB49B /* Debug */ = {
			isa = XCBuildConfiguration;
			buildSettings = {
				ALWAYS_EMBED_SWIFT_STANDARD_LIBRARIES = YES;
				BUNDLE_LOADER = "$(TEST_HOST)";
				CODE_SIGN_STYLE = Automatic;
				CURRENT_PROJECT_VERSION = 1;
				GENERATE_INFOPLIST_FILE = YES;
				IPHONEOS_DEPLOYMENT_TARGET = 15.0;
				LD_RUNPATH_SEARCH_PATHS = (
					"$(inherited)",
					"@executable_path/Frameworks",
					"@loader_path/Frameworks",
				);
				MARKETING_VERSION = 1.0;
				PRODUCT_BUNDLE_IDENTIFIER = com.ivai.VennDiagramTests;
				PRODUCT_NAME = "$(TARGET_NAME)";
				SWIFT_EMIT_LOC_STRINGS = NO;
				SWIFT_VERSION = 5.0;
				TARGETED_DEVICE_FAMILY = "1,2";
				TEST_HOST = "$(BUILT_PRODUCTS_DIR)/VennDiagram.app/VennDiagram";
			};
			name = Debug;
		};
		5D5095CE272595F9009AB49B /* Release */ = {
			isa = XCBuildConfiguration;
			buildSettings = {
				ALWAYS_EMBED_SWIFT_STANDARD_LIBRARIES = YES;
				BUNDLE_LOADER = "$(TEST_HOST)";
				CODE_SIGN_STYLE = Automatic;
				CURRENT_PROJECT_VERSION = 1;
				GENERATE_INFOPLIST_FILE = YES;
				IPHONEOS_DEPLOYMENT_TARGET = 15.0;
				LD_RUNPATH_SEARCH_PATHS = (
					"$(inherited)",
					"@executable_path/Frameworks",
					"@loader_path/Frameworks",
				);
				MARKETING_VERSION = 1.0;
				PRODUCT_BUNDLE_IDENTIFIER = com.ivai.VennDiagramTests;
				PRODUCT_NAME = "$(TARGET_NAME)";
				SWIFT_EMIT_LOC_STRINGS = NO;
				SWIFT_VERSION = 5.0;
				TARGETED_DEVICE_FAMILY = "1,2";
				TEST_HOST = "$(BUILT_PRODUCTS_DIR)/VennDiagram.app/VennDiagram";
			};
			name = Release;
		};
		5D5095D0272595F9009AB49B /* Debug */ = {
			isa = XCBuildConfiguration;
			buildSettings = {
				ALWAYS_EMBED_SWIFT_STANDARD_LIBRARIES = YES;
				CODE_SIGN_STYLE = Automatic;
				CURRENT_PROJECT_VERSION = 1;
				GENERATE_INFOPLIST_FILE = YES;
				LD_RUNPATH_SEARCH_PATHS = (
					"$(inherited)",
					"@executable_path/Frameworks",
					"@loader_path/Frameworks",
				);
				MARKETING_VERSION = 1.0;
				PRODUCT_BUNDLE_IDENTIFIER = com.ivai.VennDiagramUITests;
				PRODUCT_NAME = "$(TARGET_NAME)";
				SWIFT_EMIT_LOC_STRINGS = NO;
				SWIFT_VERSION = 5.0;
				TARGETED_DEVICE_FAMILY = "1,2";
				TEST_TARGET_NAME = VennDiagram;
			};
			name = Debug;
		};
		5D5095D1272595F9009AB49B /* Release */ = {
			isa = XCBuildConfiguration;
			buildSettings = {
				ALWAYS_EMBED_SWIFT_STANDARD_LIBRARIES = YES;
				CODE_SIGN_STYLE = Automatic;
				CURRENT_PROJECT_VERSION = 1;
				GENERATE_INFOPLIST_FILE = YES;
				LD_RUNPATH_SEARCH_PATHS = (
					"$(inherited)",
					"@executable_path/Frameworks",
					"@loader_path/Frameworks",
				);
				MARKETING_VERSION = 1.0;
				PRODUCT_BUNDLE_IDENTIFIER = com.ivai.VennDiagramUITests;
				PRODUCT_NAME = "$(TARGET_NAME)";
				SWIFT_EMIT_LOC_STRINGS = NO;
				SWIFT_VERSION = 5.0;
				TARGETED_DEVICE_FAMILY = "1,2";
				TEST_TARGET_NAME = VennDiagram;
			};
			name = Release;
		};
/* End XCBuildConfiguration section */

/* Begin XCConfigurationList section */
		5D50959A272595F8009AB49B /* Build configuration list for PBXProject "VennDiagram" */ = {
			isa = XCConfigurationList;
			buildConfigurations = (
				5D5095C7272595F9009AB49B /* Debug */,
				5D5095C8272595F9009AB49B /* Release */,
			);
			defaultConfigurationIsVisible = 0;
			defaultConfigurationName = Release;
		};
		5D5095C9272595F9009AB49B /* Build configuration list for PBXNativeTarget "VennDiagram" */ = {
			isa = XCConfigurationList;
			buildConfigurations = (
				5D5095CA272595F9009AB49B /* Debug */,
				5D5095CB272595F9009AB49B /* Release */,
			);
			defaultConfigurationIsVisible = 0;
			defaultConfigurationName = Release;
		};
		5D5095CC272595F9009AB49B /* Build configuration list for PBXNativeTarget "VennDiagramTests" */ = {
			isa = XCConfigurationList;
			buildConfigurations = (
				5D5095CD272595F9009AB49B /* Debug */,
				5D5095CE272595F9009AB49B /* Release */,
			);
			defaultConfigurationIsVisible = 0;
			defaultConfigurationName = Release;
		};
		5D5095CF272595F9009AB49B /* Build configuration list for PBXNativeTarget "VennDiagramUITests" */ = {
			isa = XCConfigurationList;
			buildConfigurations = (
				5D5095D0272595F9009AB49B /* Debug */,
				5D5095D1272595F9009AB49B /* Release */,
			);
			defaultConfigurationIsVisible = 0;
			defaultConfigurationName = Release;
		};
/* End XCConfigurationList section */
	};
	rootObject = 5D509597272595F8009AB49B /* Project object */;
}
